// !$*UTF8*$!
{
	archiveVersion = 1;
	classes = {
	};
	objectVersion = 50;
	objects = {

/* Begin PBXBuildFile section */
		51313333BB0E8A8F6958264A /* Pods_WhaleUITests.framework in Frameworks */ = {isa = PBXBuildFile; fileRef = 8546E55899AEA735C20E4D16 /* Pods_WhaleUITests.framework */; };
		953BC4BC212B2AEA0055B5A6 /* AppDelegate.swift in Sources */ = {isa = PBXBuildFile; fileRef = 953BC4BB212B2AEA0055B5A6 /* AppDelegate.swift */; };
		953BC4BE212B2AEA0055B5A6 /* ViewController.swift in Sources */ = {isa = PBXBuildFile; fileRef = 953BC4BD212B2AEA0055B5A6 /* ViewController.swift */; };
		953BC4C1212B2AEA0055B5A6 /* Main.storyboard in Resources */ = {isa = PBXBuildFile; fileRef = 953BC4BF212B2AEA0055B5A6 /* Main.storyboard */; };
		953BC4C3212B2AEC0055B5A6 /* Assets.xcassets in Resources */ = {isa = PBXBuildFile; fileRef = 953BC4C2212B2AEC0055B5A6 /* Assets.xcassets */; };
		953BC4C6212B2AEC0055B5A6 /* LaunchScreen.storyboard in Resources */ = {isa = PBXBuildFile; fileRef = 953BC4C4212B2AEC0055B5A6 /* LaunchScreen.storyboard */; };
		953BC4D1212B2AEC0055B5A6 /* WhaleTests.swift in Sources */ = {isa = PBXBuildFile; fileRef = 953BC4D0212B2AEC0055B5A6 /* WhaleTests.swift */; };
		953BC4DC212B2AEC0055B5A6 /* WhaleUITests.swift in Sources */ = {isa = PBXBuildFile; fileRef = 953BC4DB212B2AEC0055B5A6 /* WhaleUITests.swift */; };
		95FC5FA5213A819A007ECCAA /* Call.swift in Sources */ = {isa = PBXBuildFile; fileRef = 95FC5FA4213A819A007ECCAA /* Call.swift */; };
		95FC5FA7213A81C6007ECCAA /* CallManager.swift in Sources */ = {isa = PBXBuildFile; fileRef = 95FC5FA6213A81C6007ECCAA /* CallManager.swift */; };
		95FC5FAA213B1A1D007ECCAA /* ItemViewController.swift in Sources */ = {isa = PBXBuildFile; fileRef = 95FC5FA9213B1A1C007ECCAA /* ItemViewController.swift */; };
		95FC5FAC213BEFE6007ECCAA /* SoundManager.swift in Sources */ = {isa = PBXBuildFile; fileRef = 95FC5FAB213BEFE6007ECCAA /* SoundManager.swift */; };
		95FC5FAF213C5739007ECCAA /* Item.swift in Sources */ = {isa = PBXBuildFile; fileRef = 95FC5FAE213C5739007ECCAA /* Item.swift */; };
		95FC5FB1213C7645007ECCAA /* Config.swift in Sources */ = {isa = PBXBuildFile; fileRef = 95FC5FB0213C7645007ECCAA /* Config.swift */; };
		95FC5FB3213C77C7007ECCAA /* AddItemViewController.swift in Sources */ = {isa = PBXBuildFile; fileRef = 95FC5FB2213C77C7007ECCAA /* AddItemViewController.swift */; };
		95FC5FBB213DB3FA007ECCAA /* Response.swift in Sources */ = {isa = PBXBuildFile; fileRef = 95FC5FBA213DB3FA007ECCAA /* Response.swift */; };
		F31838EB6DBB2F9514141F8E /* Pods_Whale.framework in Frameworks */ = {isa = PBXBuildFile; fileRef = 6196ECAB7090E822F1DBC39C /* Pods_Whale.framework */; };
		F57491B02E92FFD2F88BBA85 /* Pods_WhaleTests.framework in Frameworks */ = {isa = PBXBuildFile; fileRef = CF7397832198A863C1CAEA57 /* Pods_WhaleTests.framework */; };
/* End PBXBuildFile section */

/* Begin PBXContainerItemProxy section */
		953BC4CD212B2AEC0055B5A6 /* PBXContainerItemProxy */ = {
			isa = PBXContainerItemProxy;
			containerPortal = 953BC4B0212B2AEA0055B5A6 /* Project object */;
			proxyType = 1;
			remoteGlobalIDString = 953BC4B7212B2AEA0055B5A6;
			remoteInfo = Whale;
		};
		953BC4D8212B2AEC0055B5A6 /* PBXContainerItemProxy */ = {
			isa = PBXContainerItemProxy;
			containerPortal = 953BC4B0212B2AEA0055B5A6 /* Project object */;
			proxyType = 1;
			remoteGlobalIDString = 953BC4B7212B2AEA0055B5A6;
			remoteInfo = Whale;
		};
/* End PBXContainerItemProxy section */

/* Begin PBXFileReference section */
		1781432884755A40E615B35A /* Pods-Whale.debug.xcconfig */ = {isa = PBXFileReference; includeInIndex = 1; lastKnownFileType = text.xcconfig; name = "Pods-Whale.debug.xcconfig"; path = "Pods/Target Support Files/Pods-Whale/Pods-Whale.debug.xcconfig"; sourceTree = "<group>"; };
		6196ECAB7090E822F1DBC39C /* Pods_Whale.framework */ = {isa = PBXFileReference; explicitFileType = wrapper.framework; includeInIndex = 0; path = Pods_Whale.framework; sourceTree = BUILT_PRODUCTS_DIR; };
		724481C90A0BB1A48DDEC239 /* Pods-Whale.release.xcconfig */ = {isa = PBXFileReference; includeInIndex = 1; lastKnownFileType = text.xcconfig; name = "Pods-Whale.release.xcconfig"; path = "Pods/Target Support Files/Pods-Whale/Pods-Whale.release.xcconfig"; sourceTree = "<group>"; };
		8047D56EB00C8E203D862F92 /* Pods-WhaleUITests.release.xcconfig */ = {isa = PBXFileReference; includeInIndex = 1; lastKnownFileType = text.xcconfig; name = "Pods-WhaleUITests.release.xcconfig"; path = "Pods/Target Support Files/Pods-WhaleUITests/Pods-WhaleUITests.release.xcconfig"; sourceTree = "<group>"; };
		8546E55899AEA735C20E4D16 /* Pods_WhaleUITests.framework */ = {isa = PBXFileReference; explicitFileType = wrapper.framework; includeInIndex = 0; path = Pods_WhaleUITests.framework; sourceTree = BUILT_PRODUCTS_DIR; };
		863CA76EBC3F033E1C08FDB1 /* Pods-WhaleTests.release.xcconfig */ = {isa = PBXFileReference; includeInIndex = 1; lastKnownFileType = text.xcconfig; name = "Pods-WhaleTests.release.xcconfig"; path = "Pods/Target Support Files/Pods-WhaleTests/Pods-WhaleTests.release.xcconfig"; sourceTree = "<group>"; };
		953BC4B8212B2AEA0055B5A6 /* Whale.app */ = {isa = PBXFileReference; explicitFileType = wrapper.application; includeInIndex = 0; path = Whale.app; sourceTree = BUILT_PRODUCTS_DIR; };
		953BC4BB212B2AEA0055B5A6 /* AppDelegate.swift */ = {isa = PBXFileReference; lastKnownFileType = sourcecode.swift; path = AppDelegate.swift; sourceTree = "<group>"; };
		953BC4BD212B2AEA0055B5A6 /* ViewController.swift */ = {isa = PBXFileReference; lastKnownFileType = sourcecode.swift; path = ViewController.swift; sourceTree = "<group>"; };
		953BC4C0212B2AEA0055B5A6 /* Base */ = {isa = PBXFileReference; lastKnownFileType = file.storyboard; name = Base; path = Base.lproj/Main.storyboard; sourceTree = "<group>"; };
		953BC4C2212B2AEC0055B5A6 /* Assets.xcassets */ = {isa = PBXFileReference; lastKnownFileType = folder.assetcatalog; path = Assets.xcassets; sourceTree = "<group>"; };
		953BC4C5212B2AEC0055B5A6 /* Base */ = {isa = PBXFileReference; lastKnownFileType = file.storyboard; name = Base; path = Base.lproj/LaunchScreen.storyboard; sourceTree = "<group>"; };
		953BC4C7212B2AEC0055B5A6 /* Info.plist */ = {isa = PBXFileReference; lastKnownFileType = text.plist.xml; path = Info.plist; sourceTree = "<group>"; };
		953BC4CC212B2AEC0055B5A6 /* WhaleTests.xctest */ = {isa = PBXFileReference; explicitFileType = wrapper.cfbundle; includeInIndex = 0; path = WhaleTests.xctest; sourceTree = BUILT_PRODUCTS_DIR; };
		953BC4D0212B2AEC0055B5A6 /* WhaleTests.swift */ = {isa = PBXFileReference; lastKnownFileType = sourcecode.swift; path = WhaleTests.swift; sourceTree = "<group>"; };
		953BC4D2212B2AEC0055B5A6 /* Info.plist */ = {isa = PBXFileReference; lastKnownFileType = text.plist.xml; path = Info.plist; sourceTree = "<group>"; };
		953BC4D7212B2AEC0055B5A6 /* WhaleUITests.xctest */ = {isa = PBXFileReference; explicitFileType = wrapper.cfbundle; includeInIndex = 0; path = WhaleUITests.xctest; sourceTree = BUILT_PRODUCTS_DIR; };
		953BC4DB212B2AEC0055B5A6 /* WhaleUITests.swift */ = {isa = PBXFileReference; lastKnownFileType = sourcecode.swift; path = WhaleUITests.swift; sourceTree = "<group>"; };
		953BC4DD212B2AEC0055B5A6 /* Info.plist */ = {isa = PBXFileReference; lastKnownFileType = text.plist.xml; path = Info.plist; sourceTree = "<group>"; };
		95FC5FA4213A819A007ECCAA /* Call.swift */ = {isa = PBXFileReference; lastKnownFileType = sourcecode.swift; path = Call.swift; sourceTree = "<group>"; };
		95FC5FA6213A81C6007ECCAA /* CallManager.swift */ = {isa = PBXFileReference; lastKnownFileType = sourcecode.swift; path = CallManager.swift; sourceTree = "<group>"; };
		95FC5FA9213B1A1C007ECCAA /* ItemViewController.swift */ = {isa = PBXFileReference; lastKnownFileType = sourcecode.swift; path = ItemViewController.swift; sourceTree = "<group>"; };
		95FC5FAB213BEFE6007ECCAA /* SoundManager.swift */ = {isa = PBXFileReference; lastKnownFileType = sourcecode.swift; path = SoundManager.swift; sourceTree = "<group>"; };
		95FC5FAE213C5739007ECCAA /* Item.swift */ = {isa = PBXFileReference; lastKnownFileType = sourcecode.swift; path = Item.swift; sourceTree = "<group>"; };
		95FC5FB0213C7645007ECCAA /* Config.swift */ = {isa = PBXFileReference; lastKnownFileType = sourcecode.swift; path = Config.swift; sourceTree = "<group>"; };
		95FC5FB2213C77C7007ECCAA /* AddItemViewController.swift */ = {isa = PBXFileReference; lastKnownFileType = sourcecode.swift; path = AddItemViewController.swift; sourceTree = "<group>"; };
		95FC5FBA213DB3FA007ECCAA /* Response.swift */ = {isa = PBXFileReference; lastKnownFileType = sourcecode.swift; path = Response.swift; sourceTree = "<group>"; };
		CF7397832198A863C1CAEA57 /* Pods_WhaleTests.framework */ = {isa = PBXFileReference; explicitFileType = wrapper.framework; includeInIndex = 0; path = Pods_WhaleTests.framework; sourceTree = BUILT_PRODUCTS_DIR; };
		E6A9A917A21CF3F165206255 /* Pods-WhaleUITests.debug.xcconfig */ = {isa = PBXFileReference; includeInIndex = 1; lastKnownFileType = text.xcconfig; name = "Pods-WhaleUITests.debug.xcconfig"; path = "Pods/Target Support Files/Pods-WhaleUITests/Pods-WhaleUITests.debug.xcconfig"; sourceTree = "<group>"; };
		FFD7FCFCFB06DD863E8FBD9E /* Pods-WhaleTests.debug.xcconfig */ = {isa = PBXFileReference; includeInIndex = 1; lastKnownFileType = text.xcconfig; name = "Pods-WhaleTests.debug.xcconfig"; path = "Pods/Target Support Files/Pods-WhaleTests/Pods-WhaleTests.debug.xcconfig"; sourceTree = "<group>"; };
/* End PBXFileReference section */

/* Begin PBXFrameworksBuildPhase section */
		953BC4B5212B2AEA0055B5A6 /* Frameworks */ = {
			isa = PBXFrameworksBuildPhase;
			buildActionMask = 2147483647;
			files = (
				F31838EB6DBB2F9514141F8E /* Pods_Whale.framework in Frameworks */,
			);
			runOnlyForDeploymentPostprocessing = 0;
		};
		953BC4C9212B2AEC0055B5A6 /* Frameworks */ = {
			isa = PBXFrameworksBuildPhase;
			buildActionMask = 2147483647;
			files = (
				F57491B02E92FFD2F88BBA85 /* Pods_WhaleTests.framework in Frameworks */,
			);
			runOnlyForDeploymentPostprocessing = 0;
		};
		953BC4D4212B2AEC0055B5A6 /* Frameworks */ = {
			isa = PBXFrameworksBuildPhase;
			buildActionMask = 2147483647;
			files = (
				51313333BB0E8A8F6958264A /* Pods_WhaleUITests.framework in Frameworks */,
			);
			runOnlyForDeploymentPostprocessing = 0;
		};
/* End PBXFrameworksBuildPhase section */

/* Begin PBXGroup section */
		0DAA358566BCE097DBCD49D7 /* Frameworks */ = {
			isa = PBXGroup;
			children = (
				6196ECAB7090E822F1DBC39C /* Pods_Whale.framework */,
				CF7397832198A863C1CAEA57 /* Pods_WhaleTests.framework */,
				8546E55899AEA735C20E4D16 /* Pods_WhaleUITests.framework */,
			);
			name = Frameworks;
			sourceTree = "<group>";
		};
		953BC4AF212B2AEA0055B5A6 = {
			isa = PBXGroup;
			children = (
				953BC4BA212B2AEA0055B5A6 /* Whale */,
				953BC4CF212B2AEC0055B5A6 /* WhaleTests */,
				953BC4DA212B2AEC0055B5A6 /* WhaleUITests */,
				953BC4B9212B2AEA0055B5A6 /* Products */,
				DB46DB167206F2F4179D17CD /* Pods */,
				0DAA358566BCE097DBCD49D7 /* Frameworks */,
			);
			sourceTree = "<group>";
		};
		953BC4B9212B2AEA0055B5A6 /* Products */ = {
			isa = PBXGroup;
			children = (
				953BC4B8212B2AEA0055B5A6 /* Whale.app */,
				953BC4CC212B2AEC0055B5A6 /* WhaleTests.xctest */,
				953BC4D7212B2AEC0055B5A6 /* WhaleUITests.xctest */,
			);
			name = Products;
			sourceTree = "<group>";
		};
		953BC4BA212B2AEA0055B5A6 /* Whale */ = {
			isa = PBXGroup;
			children = (
				95FC5FAD213C572D007ECCAA /* Model */,
				95FC5FA8213B198D007ECCAA /* ViewController */,
				95FC5FA3213A810D007ECCAA /* CallKit */,
				953BC4BB212B2AEA0055B5A6 /* AppDelegate.swift */,
				953BC4BF212B2AEA0055B5A6 /* Main.storyboard */,
				953BC4C2212B2AEC0055B5A6 /* Assets.xcassets */,
				953BC4C4212B2AEC0055B5A6 /* LaunchScreen.storyboard */,
				953BC4C7212B2AEC0055B5A6 /* Info.plist */,
				95FC5FB0213C7645007ECCAA /* Config.swift */,
			);
			path = Whale;
			sourceTree = "<group>";
		};
		953BC4CF212B2AEC0055B5A6 /* WhaleTests */ = {
			isa = PBXGroup;
			children = (
				953BC4D0212B2AEC0055B5A6 /* WhaleTests.swift */,
				953BC4D2212B2AEC0055B5A6 /* Info.plist */,
			);
			path = WhaleTests;
			sourceTree = "<group>";
		};
		953BC4DA212B2AEC0055B5A6 /* WhaleUITests */ = {
			isa = PBXGroup;
			children = (
				953BC4DB212B2AEC0055B5A6 /* WhaleUITests.swift */,
				953BC4DD212B2AEC0055B5A6 /* Info.plist */,
			);
			path = WhaleUITests;
			sourceTree = "<group>";
		};
		95FC5FA3213A810D007ECCAA /* CallKit */ = {
			isa = PBXGroup;
			children = (
				95FC5FA4213A819A007ECCAA /* Call.swift */,
				95FC5FA6213A81C6007ECCAA /* CallManager.swift */,
				95FC5FAB213BEFE6007ECCAA /* SoundManager.swift */,
			);
			path = CallKit;
			sourceTree = "<group>";
		};
		95FC5FA8213B198D007ECCAA /* ViewController */ = {
			isa = PBXGroup;
			children = (
				953BC4BD212B2AEA0055B5A6 /* ViewController.swift */,
				95FC5FA9213B1A1C007ECCAA /* ItemViewController.swift */,
				95FC5FB2213C77C7007ECCAA /* AddItemViewController.swift */,
			);
			path = ViewController;
			sourceTree = "<group>";
		};
		95FC5FAD213C572D007ECCAA /* Model */ = {
			isa = PBXGroup;
			children = (
				95FC5FAE213C5739007ECCAA /* Item.swift */,
				95FC5FBA213DB3FA007ECCAA /* Response.swift */,
			);
			path = Model;
			sourceTree = "<group>";
		};
		DB46DB167206F2F4179D17CD /* Pods */ = {
			isa = PBXGroup;
			children = (
				1781432884755A40E615B35A /* Pods-Whale.debug.xcconfig */,
				724481C90A0BB1A48DDEC239 /* Pods-Whale.release.xcconfig */,
				FFD7FCFCFB06DD863E8FBD9E /* Pods-WhaleTests.debug.xcconfig */,
				863CA76EBC3F033E1C08FDB1 /* Pods-WhaleTests.release.xcconfig */,
				E6A9A917A21CF3F165206255 /* Pods-WhaleUITests.debug.xcconfig */,
				8047D56EB00C8E203D862F92 /* Pods-WhaleUITests.release.xcconfig */,
			);
			name = Pods;
			sourceTree = "<group>";
		};
/* End PBXGroup section */

/* Begin PBXNativeTarget section */
		953BC4B7212B2AEA0055B5A6 /* Whale */ = {
			isa = PBXNativeTarget;
			buildConfigurationList = 953BC4E0212B2AEC0055B5A6 /* Build configuration list for PBXNativeTarget "Whale" */;
			buildPhases = (
				16C85F61C15459351BB77957 /* [CP] Check Pods Manifest.lock */,
				953BC4B4212B2AEA0055B5A6 /* Sources */,
				953BC4B5212B2AEA0055B5A6 /* Frameworks */,
				953BC4B6212B2AEA0055B5A6 /* Resources */,
				70A5F288ECDA36AF46FAABDB /* [CP] Embed Pods Frameworks */,
			);
			buildRules = (
			);
			dependencies = (
			);
			name = Whale;
			productName = Whale;
			productReference = 953BC4B8212B2AEA0055B5A6 /* Whale.app */;
			productType = "com.apple.product-type.application";
		};
		953BC4CB212B2AEC0055B5A6 /* WhaleTests */ = {
			isa = PBXNativeTarget;
			buildConfigurationList = 953BC4E3212B2AEC0055B5A6 /* Build configuration list for PBXNativeTarget "WhaleTests" */;
			buildPhases = (
				5E74A5CA896C0A3917949B97 /* [CP] Check Pods Manifest.lock */,
				953BC4C8212B2AEC0055B5A6 /* Sources */,
				953BC4C9212B2AEC0055B5A6 /* Frameworks */,
				953BC4CA212B2AEC0055B5A6 /* Resources */,
			);
			buildRules = (
			);
			dependencies = (
				953BC4CE212B2AEC0055B5A6 /* PBXTargetDependency */,
			);
			name = WhaleTests;
			productName = WhaleTests;
			productReference = 953BC4CC212B2AEC0055B5A6 /* WhaleTests.xctest */;
			productType = "com.apple.product-type.bundle.unit-test";
		};
		953BC4D6212B2AEC0055B5A6 /* WhaleUITests */ = {
			isa = PBXNativeTarget;
			buildConfigurationList = 953BC4E6212B2AEC0055B5A6 /* Build configuration list for PBXNativeTarget "WhaleUITests" */;
			buildPhases = (
				4DD6DF7FB8FEFCBECF8B07B1 /* [CP] Check Pods Manifest.lock */,
				953BC4D3212B2AEC0055B5A6 /* Sources */,
				953BC4D4212B2AEC0055B5A6 /* Frameworks */,
				953BC4D5212B2AEC0055B5A6 /* Resources */,
			);
			buildRules = (
			);
			dependencies = (
				953BC4D9212B2AEC0055B5A6 /* PBXTargetDependency */,
			);
			name = WhaleUITests;
			productName = WhaleUITests;
			productReference = 953BC4D7212B2AEC0055B5A6 /* WhaleUITests.xctest */;
			productType = "com.apple.product-type.bundle.ui-testing";
		};
/* End PBXNativeTarget section */

/* Begin PBXProject section */
		953BC4B0212B2AEA0055B5A6 /* Project object */ = {
			isa = PBXProject;
			attributes = {
				LastSwiftUpdateCheck = 0940;
				LastUpgradeCheck = 0940;
				ORGANIZATIONNAME = "KURZ Digital Solutions GmbH & Co. KG";
				TargetAttributes = {
					953BC4B7212B2AEA0055B5A6 = {
						CreatedOnToolsVersion = 9.4.1;
						SystemCapabilities = {
							com.apple.BackgroundModes = {
								enabled = 1;
							};
						};
					};
					953BC4CB212B2AEC0055B5A6 = {
						CreatedOnToolsVersion = 9.4.1;
						TestTargetID = 953BC4B7212B2AEA0055B5A6;
					};
					953BC4D6212B2AEC0055B5A6 = {
						CreatedOnToolsVersion = 9.4.1;
						TestTargetID = 953BC4B7212B2AEA0055B5A6;
					};
				};
			};
			buildConfigurationList = 953BC4B3212B2AEA0055B5A6 /* Build configuration list for PBXProject "Whale" */;
			compatibilityVersion = "Xcode 9.3";
			developmentRegion = en;
			hasScannedForEncodings = 0;
			knownRegions = (
				en,
				Base,
			);
			mainGroup = 953BC4AF212B2AEA0055B5A6;
			productRefGroup = 953BC4B9212B2AEA0055B5A6 /* Products */;
			projectDirPath = "";
			projectRoot = "";
			targets = (
				953BC4B7212B2AEA0055B5A6 /* Whale */,
				953BC4CB212B2AEC0055B5A6 /* WhaleTests */,
				953BC4D6212B2AEC0055B5A6 /* WhaleUITests */,
			);
		};
/* End PBXProject section */

/* Begin PBXResourcesBuildPhase section */
		953BC4B6212B2AEA0055B5A6 /* Resources */ = {
			isa = PBXResourcesBuildPhase;
			buildActionMask = 2147483647;
			files = (
				953BC4C6212B2AEC0055B5A6 /* LaunchScreen.storyboard in Resources */,
				953BC4C3212B2AEC0055B5A6 /* Assets.xcassets in Resources */,
				953BC4C1212B2AEA0055B5A6 /* Main.storyboard in Resources */,
			);
			runOnlyForDeploymentPostprocessing = 0;
		};
		953BC4CA212B2AEC0055B5A6 /* Resources */ = {
			isa = PBXResourcesBuildPhase;
			buildActionMask = 2147483647;
			files = (
			);
			runOnlyForDeploymentPostprocessing = 0;
		};
		953BC4D5212B2AEC0055B5A6 /* Resources */ = {
			isa = PBXResourcesBuildPhase;
			buildActionMask = 2147483647;
			files = (
			);
			runOnlyForDeploymentPostprocessing = 0;
		};
/* End PBXResourcesBuildPhase section */

/* Begin PBXShellScriptBuildPhase section */
		16C85F61C15459351BB77957 /* [CP] Check Pods Manifest.lock */ = {
			isa = PBXShellScriptBuildPhase;
			buildActionMask = 2147483647;
			files = (
			);
			inputPaths = (
				"${PODS_PODFILE_DIR_PATH}/Podfile.lock",
				"${PODS_ROOT}/Manifest.lock",
			);
			name = "[CP] Check Pods Manifest.lock";
			outputPaths = (
				"$(DERIVED_FILE_DIR)/Pods-Whale-checkManifestLockResult.txt",
			);
			runOnlyForDeploymentPostprocessing = 0;
			shellPath = /bin/sh;
			shellScript = "diff \"${PODS_PODFILE_DIR_PATH}/Podfile.lock\" \"${PODS_ROOT}/Manifest.lock\" > /dev/null\nif [ $? != 0 ] ; then\n    # print error to STDERR\n    echo \"error: The sandbox is not in sync with the Podfile.lock. Run 'pod install' or update your CocoaPods installation.\" >&2\n    exit 1\nfi\n# This output is used by Xcode 'outputs' to avoid re-running this script phase.\necho \"SUCCESS\" > \"${SCRIPT_OUTPUT_FILE_0}\"\n";
			showEnvVarsInLog = 0;
		};
		4DD6DF7FB8FEFCBECF8B07B1 /* [CP] Check Pods Manifest.lock */ = {
			isa = PBXShellScriptBuildPhase;
			buildActionMask = 2147483647;
			files = (
			);
			inputPaths = (
				"${PODS_PODFILE_DIR_PATH}/Podfile.lock",
				"${PODS_ROOT}/Manifest.lock",
			);
			name = "[CP] Check Pods Manifest.lock";
			outputPaths = (
				"$(DERIVED_FILE_DIR)/Pods-WhaleUITests-checkManifestLockResult.txt",
			);
			runOnlyForDeploymentPostprocessing = 0;
			shellPath = /bin/sh;
			shellScript = "diff \"${PODS_PODFILE_DIR_PATH}/Podfile.lock\" \"${PODS_ROOT}/Manifest.lock\" > /dev/null\nif [ $? != 0 ] ; then\n    # print error to STDERR\n    echo \"error: The sandbox is not in sync with the Podfile.lock. Run 'pod install' or update your CocoaPods installation.\" >&2\n    exit 1\nfi\n# This output is used by Xcode 'outputs' to avoid re-running this script phase.\necho \"SUCCESS\" > \"${SCRIPT_OUTPUT_FILE_0}\"\n";
			showEnvVarsInLog = 0;
		};
		5E74A5CA896C0A3917949B97 /* [CP] Check Pods Manifest.lock */ = {
			isa = PBXShellScriptBuildPhase;
			buildActionMask = 2147483647;
			files = (
			);
			inputPaths = (
				"${PODS_PODFILE_DIR_PATH}/Podfile.lock",
				"${PODS_ROOT}/Manifest.lock",
			);
			name = "[CP] Check Pods Manifest.lock";
			outputPaths = (
				"$(DERIVED_FILE_DIR)/Pods-WhaleTests-checkManifestLockResult.txt",
			);
			runOnlyForDeploymentPostprocessing = 0;
			shellPath = /bin/sh;
			shellScript = "diff \"${PODS_PODFILE_DIR_PATH}/Podfile.lock\" \"${PODS_ROOT}/Manifest.lock\" > /dev/null\nif [ $? != 0 ] ; then\n    # print error to STDERR\n    echo \"error: The sandbox is not in sync with the Podfile.lock. Run 'pod install' or update your CocoaPods installation.\" >&2\n    exit 1\nfi\n# This output is used by Xcode 'outputs' to avoid re-running this script phase.\necho \"SUCCESS\" > \"${SCRIPT_OUTPUT_FILE_0}\"\n";
			showEnvVarsInLog = 0;
		};
		70A5F288ECDA36AF46FAABDB /* [CP] Embed Pods Frameworks */ = {
			isa = PBXShellScriptBuildPhase;
			buildActionMask = 2147483647;
			files = (
			);
			inputPaths = (
				"${SRCROOT}/Pods/Target Support Files/Pods-Whale/Pods-Whale-frameworks.sh",
				"${BUILT_PRODUCTS_DIR}/SIPKeyboardManager/SIPKeyboardManager.framework",
				"${BUILT_PRODUCTS_DIR}/Starscream/Starscream.framework",
				"${BUILT_PRODUCTS_DIR}/WAL/WAL.framework",
				"${PODS_ROOT}/WebRTC/WebRTC.framework",
			);
			name = "[CP] Embed Pods Frameworks";
			outputPaths = (
				"${TARGET_BUILD_DIR}/${FRAMEWORKS_FOLDER_PATH}/SIPKeyboardManager.framework",
				"${TARGET_BUILD_DIR}/${FRAMEWORKS_FOLDER_PATH}/Starscream.framework",
				"${TARGET_BUILD_DIR}/${FRAMEWORKS_FOLDER_PATH}/WAL.framework",
				"${TARGET_BUILD_DIR}/${FRAMEWORKS_FOLDER_PATH}/WebRTC.framework",
			);
			runOnlyForDeploymentPostprocessing = 0;
			shellPath = /bin/sh;
			shellScript = "\"${SRCROOT}/Pods/Target Support Files/Pods-Whale/Pods-Whale-frameworks.sh\"\n";
			showEnvVarsInLog = 0;
		};
/* End PBXShellScriptBuildPhase section */

/* Begin PBXSourcesBuildPhase section */
		953BC4B4212B2AEA0055B5A6 /* Sources */ = {
			isa = PBXSourcesBuildPhase;
			buildActionMask = 2147483647;
			files = (
				953BC4BE212B2AEA0055B5A6 /* ViewController.swift in Sources */,
				95FC5FA5213A819A007ECCAA /* Call.swift in Sources */,
				95FC5FAA213B1A1D007ECCAA /* ItemViewController.swift in Sources */,
				953BC4BC212B2AEA0055B5A6 /* AppDelegate.swift in Sources */,
				95FC5FBB213DB3FA007ECCAA /* Response.swift in Sources */,
				95FC5FAF213C5739007ECCAA /* Item.swift in Sources */,
				95FC5FB3213C77C7007ECCAA /* AddItemViewController.swift in Sources */,
				95FC5FB1213C7645007ECCAA /* Config.swift in Sources */,
				95FC5FA7213A81C6007ECCAA /* CallManager.swift in Sources */,
				95FC5FAC213BEFE6007ECCAA /* SoundManager.swift in Sources */,
			);
			runOnlyForDeploymentPostprocessing = 0;
		};
		953BC4C8212B2AEC0055B5A6 /* Sources */ = {
			isa = PBXSourcesBuildPhase;
			buildActionMask = 2147483647;
			files = (
				953BC4D1212B2AEC0055B5A6 /* WhaleTests.swift in Sources */,
			);
			runOnlyForDeploymentPostprocessing = 0;
		};
		953BC4D3212B2AEC0055B5A6 /* Sources */ = {
			isa = PBXSourcesBuildPhase;
			buildActionMask = 2147483647;
			files = (
				953BC4DC212B2AEC0055B5A6 /* WhaleUITests.swift in Sources */,
			);
			runOnlyForDeploymentPostprocessing = 0;
		};
/* End PBXSourcesBuildPhase section */

/* Begin PBXTargetDependency section */
		953BC4CE212B2AEC0055B5A6 /* PBXTargetDependency */ = {
			isa = PBXTargetDependency;
			target = 953BC4B7212B2AEA0055B5A6 /* Whale */;
			targetProxy = 953BC4CD212B2AEC0055B5A6 /* PBXContainerItemProxy */;
		};
		953BC4D9212B2AEC0055B5A6 /* PBXTargetDependency */ = {
			isa = PBXTargetDependency;
			target = 953BC4B7212B2AEA0055B5A6 /* Whale */;
			targetProxy = 953BC4D8212B2AEC0055B5A6 /* PBXContainerItemProxy */;
		};
/* End PBXTargetDependency section */

/* Begin PBXVariantGroup section */
		953BC4BF212B2AEA0055B5A6 /* Main.storyboard */ = {
			isa = PBXVariantGroup;
			children = (
				953BC4C0212B2AEA0055B5A6 /* Base */,
			);
			name = Main.storyboard;
			sourceTree = "<group>";
		};
		953BC4C4212B2AEC0055B5A6 /* LaunchScreen.storyboard */ = {
			isa = PBXVariantGroup;
			children = (
				953BC4C5212B2AEC0055B5A6 /* Base */,
			);
			name = LaunchScreen.storyboard;
			sourceTree = "<group>";
		};
/* End PBXVariantGroup section */

/* Begin XCBuildConfiguration section */
		953BC4DE212B2AEC0055B5A6 /* Debug */ = {
			isa = XCBuildConfiguration;
			buildSettings = {
				ALWAYS_SEARCH_USER_PATHS = NO;
				CLANG_ANALYZER_NONNULL = YES;
				CLANG_ANALYZER_NUMBER_OBJECT_CONVERSION = YES_AGGRESSIVE;
				CLANG_CXX_LANGUAGE_STANDARD = "gnu++14";
				CLANG_CXX_LIBRARY = "libc++";
				CLANG_ENABLE_MODULES = YES;
				CLANG_ENABLE_OBJC_ARC = YES;
				CLANG_ENABLE_OBJC_WEAK = YES;
				CLANG_WARN_BLOCK_CAPTURE_AUTORELEASING = YES;
				CLANG_WARN_BOOL_CONVERSION = YES;
				CLANG_WARN_COMMA = YES;
				CLANG_WARN_CONSTANT_CONVERSION = YES;
				CLANG_WARN_DEPRECATED_OBJC_IMPLEMENTATIONS = YES;
				CLANG_WARN_DIRECT_OBJC_ISA_USAGE = YES_ERROR;
				CLANG_WARN_DOCUMENTATION_COMMENTS = YES;
				CLANG_WARN_EMPTY_BODY = YES;
				CLANG_WARN_ENUM_CONVERSION = YES;
				CLANG_WARN_INFINITE_RECURSION = YES;
				CLANG_WARN_INT_CONVERSION = YES;
				CLANG_WARN_NON_LITERAL_NULL_CONVERSION = YES;
				CLANG_WARN_OBJC_IMPLICIT_RETAIN_SELF = YES;
				CLANG_WARN_OBJC_LITERAL_CONVERSION = YES;
				CLANG_WARN_OBJC_ROOT_CLASS = YES_ERROR;
				CLANG_WARN_RANGE_LOOP_ANALYSIS = YES;
				CLANG_WARN_STRICT_PROTOTYPES = YES;
				CLANG_WARN_SUSPICIOUS_MOVE = YES;
				CLANG_WARN_UNGUARDED_AVAILABILITY = YES_AGGRESSIVE;
				CLANG_WARN_UNREACHABLE_CODE = YES;
				CLANG_WARN__DUPLICATE_METHOD_MATCH = YES;
				CODE_SIGN_IDENTITY = "iPhone Developer";
				COPY_PHASE_STRIP = NO;
				DEBUG_INFORMATION_FORMAT = dwarf;
				ENABLE_BITCODE = NO;
				ENABLE_STRICT_OBJC_MSGSEND = YES;
				ENABLE_TESTABILITY = YES;
				GCC_C_LANGUAGE_STANDARD = gnu11;
				GCC_DYNAMIC_NO_PIC = NO;
				GCC_NO_COMMON_BLOCKS = YES;
				GCC_OPTIMIZATION_LEVEL = 0;
				GCC_PREPROCESSOR_DEFINITIONS = (
					"DEBUG=1",
					"$(inherited)",
				);
				GCC_WARN_64_TO_32_BIT_CONVERSION = YES;
				GCC_WARN_ABOUT_RETURN_TYPE = YES_ERROR;
				GCC_WARN_UNDECLARED_SELECTOR = YES;
				GCC_WARN_UNINITIALIZED_AUTOS = YES_AGGRESSIVE;
				GCC_WARN_UNUSED_FUNCTION = YES;
				GCC_WARN_UNUSED_VARIABLE = YES;
				IPHONEOS_DEPLOYMENT_TARGET = 10.0;
				MTL_ENABLE_DEBUG_INFO = YES;
				ONLY_ACTIVE_ARCH = YES;
				SDKROOT = iphoneos;
				SWIFT_ACTIVE_COMPILATION_CONDITIONS = DEBUG;
				SWIFT_OPTIMIZATION_LEVEL = "-Onone";
			};
			name = Debug;
		};
		953BC4DF212B2AEC0055B5A6 /* Release */ = {
			isa = XCBuildConfiguration;
			buildSettings = {
				ALWAYS_SEARCH_USER_PATHS = NO;
				CLANG_ANALYZER_NONNULL = YES;
				CLANG_ANALYZER_NUMBER_OBJECT_CONVERSION = YES_AGGRESSIVE;
				CLANG_CXX_LANGUAGE_STANDARD = "gnu++14";
				CLANG_CXX_LIBRARY = "libc++";
				CLANG_ENABLE_MODULES = YES;
				CLANG_ENABLE_OBJC_ARC = YES;
				CLANG_ENABLE_OBJC_WEAK = YES;
				CLANG_WARN_BLOCK_CAPTURE_AUTORELEASING = YES;
				CLANG_WARN_BOOL_CONVERSION = YES;
				CLANG_WARN_COMMA = YES;
				CLANG_WARN_CONSTANT_CONVERSION = YES;
				CLANG_WARN_DEPRECATED_OBJC_IMPLEMENTATIONS = YES;
				CLANG_WARN_DIRECT_OBJC_ISA_USAGE = YES_ERROR;
				CLANG_WARN_DOCUMENTATION_COMMENTS = YES;
				CLANG_WARN_EMPTY_BODY = YES;
				CLANG_WARN_ENUM_CONVERSION = YES;
				CLANG_WARN_INFINITE_RECURSION = YES;
				CLANG_WARN_INT_CONVERSION = YES;
				CLANG_WARN_NON_LITERAL_NULL_CONVERSION = YES;
				CLANG_WARN_OBJC_IMPLICIT_RETAIN_SELF = YES;
				CLANG_WARN_OBJC_LITERAL_CONVERSION = YES;
				CLANG_WARN_OBJC_ROOT_CLASS = YES_ERROR;
				CLANG_WARN_RANGE_LOOP_ANALYSIS = YES;
				CLANG_WARN_STRICT_PROTOTYPES = YES;
				CLANG_WARN_SUSPICIOUS_MOVE = YES;
				CLANG_WARN_UNGUARDED_AVAILABILITY = YES_AGGRESSIVE;
				CLANG_WARN_UNREACHABLE_CODE = YES;
				CLANG_WARN__DUPLICATE_METHOD_MATCH = YES;
				CODE_SIGN_IDENTITY = "iPhone Developer";
				COPY_PHASE_STRIP = NO;
				DEBUG_INFORMATION_FORMAT = "dwarf-with-dsym";
				ENABLE_BITCODE = NO;
				ENABLE_NS_ASSERTIONS = NO;
				ENABLE_STRICT_OBJC_MSGSEND = YES;
				GCC_C_LANGUAGE_STANDARD = gnu11;
				GCC_NO_COMMON_BLOCKS = YES;
				GCC_WARN_64_TO_32_BIT_CONVERSION = YES;
				GCC_WARN_ABOUT_RETURN_TYPE = YES_ERROR;
				GCC_WARN_UNDECLARED_SELECTOR = YES;
				GCC_WARN_UNINITIALIZED_AUTOS = YES_AGGRESSIVE;
				GCC_WARN_UNUSED_FUNCTION = YES;
				GCC_WARN_UNUSED_VARIABLE = YES;
				IPHONEOS_DEPLOYMENT_TARGET = 10.0;
				MTL_ENABLE_DEBUG_INFO = NO;
				SDKROOT = iphoneos;
				SWIFT_COMPILATION_MODE = wholemodule;
				SWIFT_OPTIMIZATION_LEVEL = "-O";
				VALIDATE_PRODUCT = YES;
			};
			name = Release;
		};
		953BC4E1212B2AEC0055B5A6 /* Debug */ = {
			isa = XCBuildConfiguration;
			baseConfigurationReference = 1781432884755A40E615B35A /* Pods-Whale.debug.xcconfig */;
			buildSettings = {
				ASSETCATALOG_COMPILER_APPICON_NAME = AppIcon;
				CODE_SIGN_STYLE = Manual;
				DEVELOPMENT_TEAM = 25MXZ8DDDM;
				INFOPLIST_FILE = Whale/Info.plist;
				LD_RUNPATH_SEARCH_PATHS = (
					"$(inherited)",
					"@executable_path/Frameworks",
				);
				PRODUCT_BUNDLE_IDENTIFIER = com.kurzdigital.ios.Whale;
				PRODUCT_NAME = "$(TARGET_NAME)";
				PROVISIONING_PROFILE = "439bba30-79d8-470a-891f-4a9baf398297";
				PROVISIONING_PROFILE_SPECIFIER = "KDS Team Development Profile (wildcard)";
				SWIFT_VERSION = 4.0;
				TARGETED_DEVICE_FAMILY = "1,2";
			};
			name = Debug;
		};
		953BC4E2212B2AEC0055B5A6 /* Release */ = {
			isa = XCBuildConfiguration;
			baseConfigurationReference = 724481C90A0BB1A48DDEC239 /* Pods-Whale.release.xcconfig */;
			buildSettings = {
				ASSETCATALOG_COMPILER_APPICON_NAME = AppIcon;
				CODE_SIGN_STYLE = Manual;
				DEVELOPMENT_TEAM = "";
				INFOPLIST_FILE = Whale/Info.plist;
				LD_RUNPATH_SEARCH_PATHS = (
					"$(inherited)",
					"@executable_path/Frameworks",
				);
				PRODUCT_BUNDLE_IDENTIFIER = com.kurzdigital.ios.Whale;
				PRODUCT_NAME = "$(TARGET_NAME)";
				PROVISIONING_PROFILE_SPECIFIER = "";
				SWIFT_VERSION = 4.0;
				TARGETED_DEVICE_FAMILY = "1,2";
			};
			name = Release;
		};
		953BC4E4212B2AEC0055B5A6 /* Debug */ = {
			isa = XCBuildConfiguration;
			baseConfigurationReference = FFD7FCFCFB06DD863E8FBD9E /* Pods-WhaleTests.debug.xcconfig */;
			buildSettings = {
				ALWAYS_EMBED_SWIFT_STANDARD_LIBRARIES = YES;
				BUNDLE_LOADER = "$(TEST_HOST)";
				CODE_SIGN_STYLE = Automatic;
				DEVELOPMENT_TEAM = 25MXZ8DDDM;
				INFOPLIST_FILE = WhaleTests/Info.plist;
				LD_RUNPATH_SEARCH_PATHS = (
					"$(inherited)",
					"@executable_path/Frameworks",
					"@loader_path/Frameworks",
				);
				PRODUCT_BUNDLE_IDENTIFIER = com.kurzdigital.ios.WhaleTests;
				PRODUCT_NAME = "$(TARGET_NAME)";
				SWIFT_VERSION = 4.0;
				TARGETED_DEVICE_FAMILY = "1,2";
				TEST_HOST = "$(BUILT_PRODUCTS_DIR)/Whale.app/Whale";
			};
			name = Debug;
		};
		953BC4E5212B2AEC0055B5A6 /* Release */ = {
			isa = XCBuildConfiguration;
			baseConfigurationReference = 863CA76EBC3F033E1C08FDB1 /* Pods-WhaleTests.release.xcconfig */;
			buildSettings = {
				ALWAYS_EMBED_SWIFT_STANDARD_LIBRARIES = YES;
				BUNDLE_LOADER = "$(TEST_HOST)";
				CODE_SIGN_STYLE = Automatic;
				DEVELOPMENT_TEAM = 25MXZ8DDDM;
				INFOPLIST_FILE = WhaleTests/Info.plist;
				LD_RUNPATH_SEARCH_PATHS = (
					"$(inherited)",
					"@executable_path/Frameworks",
					"@loader_path/Frameworks",
				);
				PRODUCT_BUNDLE_IDENTIFIER = com.kurzdigital.ios.WhaleTests;
				PRODUCT_NAME = "$(TARGET_NAME)";
				SWIFT_VERSION = 4.0;
				TARGETED_DEVICE_FAMILY = "1,2";
				TEST_HOST = "$(BUILT_PRODUCTS_DIR)/Whale.app/Whale";
			};
			name = Release;
		};
		953BC4E7212B2AEC0055B5A6 /* Debug */ = {
			isa = XCBuildConfiguration;
			baseConfigurationReference = E6A9A917A21CF3F165206255 /* Pods-WhaleUITests.debug.xcconfig */;
			buildSettings = {
				ALWAYS_EMBED_SWIFT_STANDARD_LIBRARIES = YES;
				CODE_SIGN_STYLE = Automatic;
				DEVELOPMENT_TEAM = 25MXZ8DDDM;
				INFOPLIST_FILE = WhaleUITests/Info.plist;
				LD_RUNPATH_SEARCH_PATHS = (
					"$(inherited)",
					"@executable_path/Frameworks",
					"@loader_path/Frameworks",
				);
				PRODUCT_BUNDLE_IDENTIFIER = com.kurzdigital.ios.WhaleUITests;
				PRODUCT_NAME = "$(TARGET_NAME)";
				SWIFT_VERSION = 4.0;
				TARGETED_DEVICE_FAMILY = "1,2";
				TEST_TARGET_NAME = Whale;
			};
			name = Debug;
		};
		953BC4E8212B2AEC0055B5A6 /* Release */ = {
			isa = XCBuildConfiguration;
			baseConfigurationReference = 8047D56EB00C8E203D862F92 /* Pods-WhaleUITests.release.xcconfig */;
			buildSettings = {
				ALWAYS_EMBED_SWIFT_STANDARD_LIBRARIES = YES;
				CODE_SIGN_STYLE = Automatic;
				DEVELOPMENT_TEAM = 25MXZ8DDDM;
				INFOPLIST_FILE = WhaleUITests/Info.plist;
				LD_RUNPATH_SEARCH_PATHS = (
					"$(inherited)",
					"@executable_path/Frameworks",
					"@loader_path/Frameworks",
				);
				PRODUCT_BUNDLE_IDENTIFIER = com.kurzdigital.ios.WhaleUITests;
				PRODUCT_NAME = "$(TARGET_NAME)";
				SWIFT_VERSION = 4.0;
				TARGETED_DEVICE_FAMILY = "1,2";
				TEST_TARGET_NAME = Whale;
			};
			name = Release;
		};
/* End XCBuildConfiguration section */

/* Begin XCConfigurationList section */
		953BC4B3212B2AEA0055B5A6 /* Build configuration list for PBXProject "Whale" */ = {
			isa = XCConfigurationList;
			buildConfigurations = (
				953BC4DE212B2AEC0055B5A6 /* Debug */,
				953BC4DF212B2AEC0055B5A6 /* Release */,
			);
			defaultConfigurationIsVisible = 0;
			defaultConfigurationName = Release;
		};
		953BC4E0212B2AEC0055B5A6 /* Build configuration list for PBXNativeTarget "Whale" */ = {
			isa = XCConfigurationList;
			buildConfigurations = (
				953BC4E1212B2AEC0055B5A6 /* Debug */,
				953BC4E2212B2AEC0055B5A6 /* Release */,
			);
			defaultConfigurationIsVisible = 0;
			defaultConfigurationName = Release;
		};
		953BC4E3212B2AEC0055B5A6 /* Build configuration list for PBXNativeTarget "WhaleTests" */ = {
			isa = XCConfigurationList;
			buildConfigurations = (
				953BC4E4212B2AEC0055B5A6 /* Debug */,
				953BC4E5212B2AEC0055B5A6 /* Release */,
			);
			defaultConfigurationIsVisible = 0;
			defaultConfigurationName = Release;
		};
		953BC4E6212B2AEC0055B5A6 /* Build configuration list for PBXNativeTarget "WhaleUITests" */ = {
			isa = XCConfigurationList;
			buildConfigurations = (
				953BC4E7212B2AEC0055B5A6 /* Debug */,
				953BC4E8212B2AEC0055B5A6 /* Release */,
			);
			defaultConfigurationIsVisible = 0;
			defaultConfigurationName = Release;
		};
/* End XCConfigurationList section */
	};
	rootObject = 953BC4B0212B2AEA0055B5A6 /* Project object */;
}
